
Microsoft Visual Studio Solution File, Format Version 12.00
# Visual Studio 15
VisualStudioVersion = 15.0.28307.421
MinimumVisualStudioVersion = 10.0.40219.1
Project("{FAE04EC0-301F-11D3-BF4B-00C04F79EFBC}") = "WebApplication1", "WebApplication1\WebApplication1.csproj", "{42280CBA-F1D1-496B-ACA2-1BDFDC074C12}"
EndProject
Global
	GlobalSection(SolutionConfigurationPlatforms) = preSolution
		Debug|Any CPU = Debug|Any CPU
		Release|Any CPU = Release|Any CPU
	EndGlobalSection
	GlobalSection(ProjectConfigurationPlatforms) = postSolution
		{42280CBA-F1D1-496B-ACA2-1BDFDC074C12}.Debug|Any CPU.ActiveCfg = Debug|Any CPU
		{42280CBA-F1D1-496B-ACA2-1BDFDC074C12}.Debug|Any CPU.Build.0 = Debug|Any CPU
		{42280CBA-F1D1-496B-ACA2-1BDFDC074C12}.Release|Any CPU.ActiveCfg = Release|Any CPU
		{42280CBA-F1D1-496B-ACA2-1BDFDC074C12}.Release|Any CPU.Build.0 = Release|Any CPU
	EndGlobalSection
	GlobalSection(SolutionProperties) = preSolution
		HideSolutionNode = FALSE
	EndGlobalSection
	GlobalSection(ExtensibilityGlobals) = postSolution
		SolutionGuid = {9D33871F-7220-4A3F-BF45-E21124F3DB89}
	EndGlobalSection
EndGlobal
